
Microsoft Visual Studio Solution File, Format Version 12.00
Project("{FAE04EC0-301F-11D3-BF4B-00C04F79EFBC}") = "ILLoom", "ILLoom\ILLoom.csproj", "{6489AA5A-0E70-46E3-9EC8-55B7204E352D}"
EndProject
Project("{FAE04EC0-301F-11D3-BF4B-00C04F79EFBC}") = "LoomModLib", "LoomModLib\LoomModLib.csproj", "{0A2519BC-6F19-463D-B1F8-F3AC6B47A344}"
EndProject
Project("{FAE04EC0-301F-11D3-BF4B-00C04F79EFBC}") = "HacknetMod", "HacknetMod\HacknetMod.csproj", "{00C4BB67-E6DC-4B24-9BC8-DEE704F32C10}"
EndProject
Project("{FAE04EC0-301F-11D3-BF4B-00C04F79EFBC}") = "ILLib", "ILLib\ILLib.csproj", "{F6BB2DEE-BC57-4D6F-91C6-FB60C21B97C2}"
EndProject
Project("{FAE04EC0-301F-11D3-BF4B-00C04F79EFBC}") = "Game", "Game\Game.csproj", "{3C3FDC58-57F8-4A60-A4D4-9E5B98BAB87F}"
EndProject
Project("{2150E333-8FDC-42A3-9474-1A3956D46DE8}") = "Mods", "Mods", "{BF423612-8BE1-4041-9CD6-B4EFC1E319FA}"
EndProject
Global
	GlobalSection(SolutionConfigurationPlatforms) = preSolution
		Debug|Any CPU = Debug|Any CPU
		Release|Any CPU = Release|Any CPU
	EndGlobalSection
	GlobalSection(ProjectConfigurationPlatforms) = postSolution
		{6489AA5A-0E70-46E3-9EC8-55B7204E352D}.Debug|Any CPU.ActiveCfg = Debug|Any CPU
		{6489AA5A-0E70-46E3-9EC8-55B7204E352D}.Debug|Any CPU.Build.0 = Debug|Any CPU
		{0A2519BC-6F19-463D-B1F8-F3AC6B47A344}.Debug|Any CPU.ActiveCfg = Debug|Any CPU
		{0A2519BC-6F19-463D-B1F8-F3AC6B47A344}.Debug|Any CPU.Build.0 = Debug|Any CPU
		{00C4BB67-E6DC-4B24-9BC8-DEE704F32C10}.Debug|Any CPU.ActiveCfg = Debug|Any CPU
		{00C4BB67-E6DC-4B24-9BC8-DEE704F32C10}.Debug|Any CPU.Build.0 = Debug|Any CPU
		{F6BB2DEE-BC57-4D6F-91C6-FB60C21B97C2}.Debug|Any CPU.ActiveCfg = Debug|Any CPU
		{F6BB2DEE-BC57-4D6F-91C6-FB60C21B97C2}.Debug|Any CPU.Build.0 = Debug|Any CPU
		{F6BB2DEE-BC57-4D6F-91C6-FB60C21B97C2}.Release|Any CPU.ActiveCfg = Release|Any CPU
		{F6BB2DEE-BC57-4D6F-91C6-FB60C21B97C2}.Release|Any CPU.Build.0 = Release|Any CPU
		{3C3FDC58-57F8-4A60-A4D4-9E5B98BAB87F}.Debug|Any CPU.ActiveCfg = Debug|Any CPU
		{3C3FDC58-57F8-4A60-A4D4-9E5B98BAB87F}.Debug|Any CPU.Build.0 = Debug|Any CPU
		{3C3FDC58-57F8-4A60-A4D4-9E5B98BAB87F}.Release|Any CPU.ActiveCfg = Release|Any CPU
		{3C3FDC58-57F8-4A60-A4D4-9E5B98BAB87F}.Release|Any CPU.Build.0 = Release|Any CPU
	EndGlobalSection
	GlobalSection(NestedProjects) = preSolution
		{00C4BB67-E6DC-4B24-9BC8-DEE704F32C10} = {BF423612-8BE1-4041-9CD6-B4EFC1E319FA}
	EndGlobalSection
EndGlobal
